
Microsoft Visual Studio Solution File, Format Version 12.00
# Visual Studio Version 17
VisualStudioVersion = 17.14.36414.22 d17.14
MinimumVisualStudioVersion = 10.0.40219.1
Project("{FAE04EC0-301F-11D3-BF4B-00C04F79EFBC}") = "TENTHTRY", "TENTHTRY.csproj", "{53C0E020-9093-4ED2-B93C-4F8FE934DFF4}"
EndProject
Global
	GlobalSection(SolutionConfigurationPlatforms) = preSolution
		Debug|Any CPU = Debug|Any CPU
		Release|Any CPU = Release|Any CPU
	EndGlobalSection
	GlobalSection(ProjectConfigurationPlatforms) = postSolution
		{53C0E020-9093-4ED2-B93C-4F8FE934DFF4}.Debug|Any CPU.ActiveCfg = Debug|Any CPU
		{53C0E020-9093-4ED2-B93C-4F8FE934DFF4}.Debug|Any CPU.Build.0 = Debug|Any CPU
		{53C0E020-9093-4ED2-B93C-4F8FE934DFF4}.Release|Any CPU.ActiveCfg = Release|Any CPU
		{53C0E020-9093-4ED2-B93C-4F8FE934DFF4}.Release|Any CPU.Build.0 = Release|Any CPU
	EndGlobalSection
	GlobalSection(SolutionProperties) = preSolution
		HideSolutionNode = FALSE
	EndGlobalSection
	GlobalSection(ExtensibilityGlobals) = postSolution
		SolutionGuid = {11973127-16AE-41D8-84FE-6A30A5907F43}
	EndGlobalSection
EndGlobal
