
Microsoft Visual Studio Solution File, Format Version 12.00
# Visual Studio Version 17
VisualStudioVersion = 17.14.36930.0 d17.14
MinimumVisualStudioVersion = 10.0.40219.1
Project("{FAE04EC0-301F-11D3-BF4B-00C04F79EFBC}") = "eleventhtry", "eleventhtry\eleventhtry.csproj", "{CA1782A3-AD9B-41D8-AF51-BFC9CCF8E4CA}"
EndProject
Global
	GlobalSection(SolutionConfigurationPlatforms) = preSolution
		Debug|Any CPU = Debug|Any CPU
		Release|Any CPU = Release|Any CPU
	EndGlobalSection
	GlobalSection(ProjectConfigurationPlatforms) = postSolution
		{CA1782A3-AD9B-41D8-AF51-BFC9CCF8E4CA}.Debug|Any CPU.ActiveCfg = Debug|Any CPU
		{CA1782A3-AD9B-41D8-AF51-BFC9CCF8E4CA}.Debug|Any CPU.Build.0 = Debug|Any CPU
		{CA1782A3-AD9B-41D8-AF51-BFC9CCF8E4CA}.Release|Any CPU.ActiveCfg = Release|Any CPU
		{CA1782A3-AD9B-41D8-AF51-BFC9CCF8E4CA}.Release|Any CPU.Build.0 = Release|Any CPU
	EndGlobalSection
	GlobalSection(SolutionProperties) = preSolution
		HideSolutionNode = FALSE
	EndGlobalSection
	GlobalSection(ExtensibilityGlobals) = postSolution
		SolutionGuid = {094D2CC1-5814-4F77-9296-8A61C1756580}
	EndGlobalSection
EndGlobal
