
Microsoft Visual Studio Solution File, Format Version 12.00
# Visual Studio Version 17
VisualStudioVersion = 17.14.36930.0 d17.14
MinimumVisualStudioVersion = 10.0.40219.1
Project("{FAE04EC0-301F-11D3-BF4B-00C04F79EFBC}") = "variant2", "variant2\variant2.csproj", "{EB1A65BC-03D7-4E83-B05A-0865698EEB4D}"
EndProject
Global
	GlobalSection(SolutionConfigurationPlatforms) = preSolution
		Debug|Any CPU = Debug|Any CPU
		Release|Any CPU = Release|Any CPU
	EndGlobalSection
	GlobalSection(ProjectConfigurationPlatforms) = postSolution
		{EB1A65BC-03D7-4E83-B05A-0865698EEB4D}.Debug|Any CPU.ActiveCfg = Debug|Any CPU
		{EB1A65BC-03D7-4E83-B05A-0865698EEB4D}.Debug|Any CPU.Build.0 = Debug|Any CPU
		{EB1A65BC-03D7-4E83-B05A-0865698EEB4D}.Release|Any CPU.ActiveCfg = Release|Any CPU
		{EB1A65BC-03D7-4E83-B05A-0865698EEB4D}.Release|Any CPU.Build.0 = Release|Any CPU
	EndGlobalSection
	GlobalSection(SolutionProperties) = preSolution
		HideSolutionNode = FALSE
	EndGlobalSection
	GlobalSection(ExtensibilityGlobals) = postSolution
		SolutionGuid = {6BB0EA70-AF25-40C2-A846-0BCB0E743A1C}
	EndGlobalSection
EndGlobal
