
Microsoft Visual Studio Solution File, Format Version 12.00
# Visual Studio Version 17
VisualStudioVersion = 17.14.36414.22 d17.14
MinimumVisualStudioVersion = 10.0.40219.1
Project("{FAE04EC0-301F-11D3-BF4B-00C04F79EFBC}") = "variant1", "variant1\variant1.csproj", "{2E8BA1EF-C37C-47B5-A7AF-5A28350A77B3}"
EndProject
Global
	GlobalSection(SolutionConfigurationPlatforms) = preSolution
		Debug|Any CPU = Debug|Any CPU
		Release|Any CPU = Release|Any CPU
	EndGlobalSection
	GlobalSection(ProjectConfigurationPlatforms) = postSolution
		{2E8BA1EF-C37C-47B5-A7AF-5A28350A77B3}.Debug|Any CPU.ActiveCfg = Debug|Any CPU
		{2E8BA1EF-C37C-47B5-A7AF-5A28350A77B3}.Debug|Any CPU.Build.0 = Debug|Any CPU
		{2E8BA1EF-C37C-47B5-A7AF-5A28350A77B3}.Release|Any CPU.ActiveCfg = Release|Any CPU
		{2E8BA1EF-C37C-47B5-A7AF-5A28350A77B3}.Release|Any CPU.Build.0 = Release|Any CPU
	EndGlobalSection
	GlobalSection(SolutionProperties) = preSolution
		HideSolutionNode = FALSE
	EndGlobalSection
	GlobalSection(ExtensibilityGlobals) = postSolution
		SolutionGuid = {AAAE832E-6E1C-483C-A95C-C98E6E86C994}
	EndGlobalSection
EndGlobal
