
Microsoft Visual Studio Solution File, Format Version 12.00
# Visual Studio Version 17
VisualStudioVersion = 17.14.36930.0 d17.14
MinimumVisualStudioVersion = 10.0.40219.1
Project("{FAE04EC0-301F-11D3-BF4B-00C04F79EFBC}") = "variant6", "variant6\variant6.csproj", "{EB14D365-60BF-4AA0-9B33-819B501C6C8B}"
EndProject
Global
	GlobalSection(SolutionConfigurationPlatforms) = preSolution
		Debug|Any CPU = Debug|Any CPU
		Release|Any CPU = Release|Any CPU
	EndGlobalSection
	GlobalSection(ProjectConfigurationPlatforms) = postSolution
		{EB14D365-60BF-4AA0-9B33-819B501C6C8B}.Debug|Any CPU.ActiveCfg = Debug|Any CPU
		{EB14D365-60BF-4AA0-9B33-819B501C6C8B}.Debug|Any CPU.Build.0 = Debug|Any CPU
		{EB14D365-60BF-4AA0-9B33-819B501C6C8B}.Release|Any CPU.ActiveCfg = Release|Any CPU
		{EB14D365-60BF-4AA0-9B33-819B501C6C8B}.Release|Any CPU.Build.0 = Release|Any CPU
	EndGlobalSection
	GlobalSection(SolutionProperties) = preSolution
		HideSolutionNode = FALSE
	EndGlobalSection
	GlobalSection(ExtensibilityGlobals) = postSolution
		SolutionGuid = {AA71D181-EF96-4E05-B2C8-52798594BE42}
	EndGlobalSection
EndGlobal
